{
  "nodes": {
    "nixpkgs": {
      "locked": {
        "lastModified": 1666393929,
        "narHash": "sha256-Tet6WIaK0NaeNmr+0ayIkHEauuKde+Tv3X+giSQB6wE=",
        "owner": "nixos",
        "repo": "nixpkgs",
        "rev": "7a0b1f3b9549507ba45339178221e6494f5ab6d7",
        "type": "github"
      },
      "original": {
        "owner": "nixos",
        "ref": "release-22.05",
        "repo": "nixpkgs",
        "type": "github"
      }
    },
    "root": {
      "inputs": {
        "nixpkgs": "nixpkgs",
        "utils": "utils"
      }
    },
    "utils": {
      "locked": {
        "lastModified": 1659877975,
        "narHash": "sha256-zllb8aq3YO3h8B/U0/J1WBgAL8EX5yWf5pMj3G0NAmc=",
        "owner": "numtide",
        "repo": "flake-utils",
        "rev": "c0e246b9b83f637f4681389ecabcb2681b4f3af0",
        "type": "github"
      },
      "original": {
        "owner": "numtide",
        "repo": "flake-utils",
        "type": "github"
      }
    }
  },
  "root": "root",
  "version": 7
}
